PODS:
  - KRActivityIndicatorView (3.0.4)
  - KRProgressHUD (3.4.4):
    - KRActivityIndicatorView (= 3.0.4)
  - MarqueeLabel (4.0.2)
  - SwiftyJSON (5.0.0)

DEPENDENCIES:
  - KRProgressHUD
  - MarqueeLabel
  - SwiftyJSON

SPEC REPOS:
  trunk:
    - KRActivityIndicatorView
    - KRProgressHUD
    - MarqueeLabel
    - SwiftyJSON

SPEC CHECKSUMS:
  KRActivityIndicatorView: 549db10b9578d58bac73db063d8b544e8970f7f2
  KRProgressHUD: c3b9a48a0ee4824ea13212ac3f1efa50dca021e3
  MarqueeLabel: f762aa681ae201f66c1d511858b171f75d83013a
  SwiftyJSON: 36413e04c44ee145039d332b4f4e2d3e8d6c4db7

PODFILE CHECKSUM: 56bd78c9d5b043ae0d69c330d21d33ca5027ab0a

COCOAPODS: 1.9.0.beta.3
