// !$*UTF8*$!
{
	archiveVersion = 1;
	classes = {
	};
	objectVersion = 51;
	objects = {

/* Begin PBXBuildFile section */
		0CBFDBAC585694945F9CAE85 /* libPods-musicdb.a in Frameworks */ = {isa = PBXBuildFile; fileRef = 1E82961ECD50B86EF6DCF89F /* libPods-musicdb.a */; };
		171514AD1C737F6400547156 /* Social.framework in Frameworks */ = {isa = PBXBuildFile; fileRef = 171514AC1C737F6400547156 /* Social.framework */; };
		174019771C5C956200ED8689 /* Application.storyboard in Resources */ = {isa = PBXBuildFile; fileRef = 174019761C5C956200ED8689 /* Application.storyboard */; };
		174019791C5C959500ED8689 /* ApplicationViewController.swift in Sources */ = {isa = PBXBuildFile; fileRef = 174019781C5C959500ED8689 /* ApplicationViewController.swift */; };
		174A2C801C70882D0035800B /* Main2ViewController.swift in Sources */ = {isa = PBXBuildFile; fileRef = 174A2C7F1C7087CF0035800B /* Main2ViewController.swift */; };
		176E23311C5CABBB007AC209 /* CustomCellTableViewCell.swift in Sources */ = {isa = PBXBuildFile; fileRef = 176E232F1C5CABBB007AC209 /* CustomCellTableViewCell.swift */; };
		176E23321C5CABBB007AC209 /* CustomCellTableViewCell.xib in Resources */ = {isa = PBXBuildFile; fileRef = 176E23301C5CABBB007AC209 /* CustomCellTableViewCell.xib */; };
		176E23341C5CB5C7007AC209 /* CellDelegate.swift in Sources */ = {isa = PBXBuildFile; fileRef = 176E23331C5CB5C7007AC209 /* CellDelegate.swift */; };
		176E23371C5CB6F9007AC209 /* EnumPageType.swift in Sources */ = {isa = PBXBuildFile; fileRef = 176E23361C5CB6F9007AC209 /* EnumPageType.swift */; };
		176E23391C5CC035007AC209 /* Genres.swift in Sources */ = {isa = PBXBuildFile; fileRef = 176E23381C5CC035007AC209 /* Genres.swift */; };
		176E233B1C5CC06D007AC209 /* SearchBy.swift in Sources */ = {isa = PBXBuildFile; fileRef = 176E233A1C5CC06D007AC209 /* SearchBy.swift */; };
		176E233F1C5CC1BD007AC209 /* Api.swift in Sources */ = {isa = PBXBuildFile; fileRef = 176E233E1C5CC1BD007AC209 /* Api.swift */; };
		1779FF071C5C784000F00317 /* AppDelegate.swift in Sources */ = {isa = PBXBuildFile; fileRef = 1779FF061C5C784000F00317 /* AppDelegate.swift */; };
		1779FF091C5C784000F00317 /* MainViewController.swift in Sources */ = {isa = PBXBuildFile; fileRef = 1779FF081C5C784000F00317 /* MainViewController.swift */; };
		1779FF0C1C5C784000F00317 /* Main.storyboard in Resources */ = {isa = PBXBuildFile; fileRef = 1779FF0A1C5C784000F00317 /* Main.storyboard */; };
		1779FF0F1C5C784000F00317 /* musicdb.xcdatamodeld in Sources */ = {isa = PBXBuildFile; fileRef = 1779FF0D1C5C784000F00317 /* musicdb.xcdatamodeld */; };
		1779FF111C5C784000F00317 /* Assets.xcassets in Resources */ = {isa = PBXBuildFile; fileRef = 1779FF101C5C784000F00317 /* Assets.xcassets */; };
		1779FF141C5C784000F00317 /* LaunchScreen.storyboard in Resources */ = {isa = PBXBuildFile; fileRef = 1779FF121C5C784000F00317 /* LaunchScreen.storyboard */; };
		1779FF201C5C82CC00F00317 /* User.swift in Sources */ = {isa = PBXBuildFile; fileRef = 1779FF1F1C5C82CC00F00317 /* User.swift */; };
		177E2A5E1C5CFE260070C9EB /* MusicDTO.swift in Sources */ = {isa = PBXBuildFile; fileRef = 177E2A5D1C5CFE260070C9EB /* MusicDTO.swift */; };
		177E2A601C5D0F1B0070C9EB /* MyPlayer.swift in Sources */ = {isa = PBXBuildFile; fileRef = 177E2A5F1C5D0F1B0070C9EB /* MyPlayer.swift */; };
		179237EB23F80E2000DCCE94 /* Marquee.swift in Sources */ = {isa = PBXBuildFile; fileRef = 179237EA23F80E2000DCCE94 /* Marquee.swift */; };
		17F66C551C5DC28F006CB017 /* MyPlayerDelegate.swift in Sources */ = {isa = PBXBuildFile; fileRef = 17F66C541C5DC28F006CB017 /* MyPlayerDelegate.swift */; };
/* End PBXBuildFile section */

/* Begin PBXFileReference section */
		171514AC1C737F6400547156 /* Social.framework */ = {isa = PBXFileReference; lastKnownFileType = wrapper.framework; name = Social.framework; path = System/Library/Frameworks/Social.framework; sourceTree = SDKROOT; };
		174019761C5C956200ED8689 /* Application.storyboard */ = {isa = PBXFileReference; fileEncoding = 4; lastKnownFileType = file.storyboard; path = Application.storyboard; sourceTree = "<group>"; };
		174019781C5C959500ED8689 /* ApplicationViewController.swift */ = {isa = PBXFileReference; fileEncoding = 4; lastKnownFileType = sourcecode.swift; path = ApplicationViewController.swift; sourceTree = "<group>"; };
		174A2C7F1C7087CF0035800B /* Main2ViewController.swift */ = {isa = PBXFileReference; lastKnownFileType = sourcecode.swift; path = Main2ViewController.swift; sourceTree = "<group>"; };
		175BE99421E74914009F9CE2 /* libMarqueeLabel.a */ = {isa = PBXFileReference; explicitFileType = archive.ar; path = libMarqueeLabel.a; sourceTree = BUILT_PRODUCTS_DIR; };
		175BE99621E74918009F9CE2 /* libSVProgressHUD.a */ = {isa = PBXFileReference; explicitFileType = archive.ar; path = libSVProgressHUD.a; sourceTree = BUILT_PRODUCTS_DIR; };
		175BE99821E7491C009F9CE2 /* libSwiftyJSON.a */ = {isa = PBXFileReference; explicitFileType = archive.ar; path = libSwiftyJSON.a; sourceTree = BUILT_PRODUCTS_DIR; };
		176E232F1C5CABBB007AC209 /* CustomCellTableViewCell.swift */ = {isa = PBXFileReference; fileEncoding = 4; lastKnownFileType = sourcecode.swift; path = CustomCellTableViewCell.swift; sourceTree = "<group>"; };
		176E23301C5CABBB007AC209 /* CustomCellTableViewCell.xib */ = {isa = PBXFileReference; fileEncoding = 4; lastKnownFileType = file.xib; path = CustomCellTableViewCell.xib; sourceTree = "<group>"; };
		176E23331C5CB5C7007AC209 /* CellDelegate.swift */ = {isa = PBXFileReference; fileEncoding = 4; lastKnownFileType = sourcecode.swift; path = CellDelegate.swift; sourceTree = "<group>"; };
		176E23361C5CB6F9007AC209 /* EnumPageType.swift */ = {isa = PBXFileReference; fileEncoding = 4; lastKnownFileType = sourcecode.swift; path = EnumPageType.swift; sourceTree = "<group>"; };
		176E23381C5CC035007AC209 /* Genres.swift */ = {isa = PBXFileReference; fileEncoding = 4; lastKnownFileType = sourcecode.swift; path = Genres.swift; sourceTree = "<group>"; };
		176E233A1C5CC06D007AC209 /* SearchBy.swift */ = {isa = PBXFileReference; fileEncoding = 4; lastKnownFileType = sourcecode.swift; path = SearchBy.swift; sourceTree = "<group>"; };
		176E233E1C5CC1BD007AC209 /* Api.swift */ = {isa = PBXFileReference; fileEncoding = 4; lastKnownFileType = sourcecode.swift; path = Api.swift; sourceTree = "<group>"; };
		1779FF031C5C784000F00317 /* musicdb.app */ = {isa = PBXFileReference; explicitFileType = wrapper.application; includeInIndex = 0; path = musicdb.app; sourceTree = BUILT_PRODUCTS_DIR; };
		1779FF061C5C784000F00317 /* AppDelegate.swift */ = {isa = PBXFileReference; lastKnownFileType = sourcecode.swift; path = AppDelegate.swift; sourceTree = "<group>"; };
		1779FF081C5C784000F00317 /* MainViewController.swift */ = {isa = PBXFileReference; lastKnownFileType = sourcecode.swift; path = MainViewController.swift; sourceTree = "<group>"; };
		1779FF0B1C5C784000F00317 /* Base */ = {isa = PBXFileReference; lastKnownFileType = file.storyboard; name = Base; path = Base.lproj/Main.storyboard; sourceTree = "<group>"; };
		1779FF0E1C5C784000F00317 /* musicdb.xcdatamodel */ = {isa = PBXFileReference; lastKnownFileType = wrapper.xcdatamodel; path = musicdb.xcdatamodel; sourceTree = "<group>"; };
		1779FF101C5C784000F00317 /* Assets.xcassets */ = {isa = PBXFileReference; lastKnownFileType = folder.assetcatalog; path = Assets.xcassets; sourceTree = "<group>"; };
		1779FF131C5C784000F00317 /* Base */ = {isa = PBXFileReference; lastKnownFileType = file.storyboard; name = Base; path = Base.lproj/LaunchScreen.storyboard; sourceTree = "<group>"; };
		1779FF151C5C784000F00317 /* Info.plist */ = {isa = PBXFileReference; lastKnownFileType = text.plist.xml; path = Info.plist; sourceTree = "<group>"; };
		1779FF1F1C5C82CC00F00317 /* User.swift */ = {isa = PBXFileReference; fileEncoding = 4; lastKnownFileType = sourcecode.swift; path = User.swift; sourceTree = "<group>"; };
		177E2A5D1C5CFE260070C9EB /* MusicDTO.swift */ = {isa = PBXFileReference; fileEncoding = 4; lastKnownFileType = sourcecode.swift; path = MusicDTO.swift; sourceTree = "<group>"; };
		177E2A5F1C5D0F1B0070C9EB /* MyPlayer.swift */ = {isa = PBXFileReference; fileEncoding = 4; lastKnownFileType = sourcecode.swift; path = MyPlayer.swift; sourceTree = "<group>"; };
		179237EA23F80E2000DCCE94 /* Marquee.swift */ = {isa = PBXFileReference; lastKnownFileType = sourcecode.swift; path = Marquee.swift; sourceTree = "<group>"; };
		17F66C541C5DC28F006CB017 /* MyPlayerDelegate.swift */ = {isa = PBXFileReference; fileEncoding = 4; lastKnownFileType = sourcecode.swift; path = MyPlayerDelegate.swift; sourceTree = "<group>"; };
		1E82961ECD50B86EF6DCF89F /* libPods-musicdb.a */ = {isa = PBXFileReference; explicitFileType = archive.ar; includeInIndex = 0; path = "libPods-musicdb.a"; sourceTree = BUILT_PRODUCTS_DIR; };
		55062E3363117E0803CD7D9D /* Pods-musicdb.release.xcconfig */ = {isa = PBXFileReference; includeInIndex = 1; lastKnownFileType = text.xcconfig; name = "Pods-musicdb.release.xcconfig"; path = "Pods/Target Support Files/Pods-musicdb/Pods-musicdb.release.xcconfig"; sourceTree = "<group>"; };
		944A95E2294196179C128C9E /* Pods-musicdb.debug.xcconfig */ = {isa = PBXFileReference; includeInIndex = 1; lastKnownFileType = text.xcconfig; name = "Pods-musicdb.debug.xcconfig"; path = "Pods/Target Support Files/Pods-musicdb/Pods-musicdb.debug.xcconfig"; sourceTree = "<group>"; };
/* End PBXFileReference section */

/* Begin PBXFrameworksBuildPhase section */
		1779FF001C5C784000F00317 /* Frameworks */ = {
			isa = PBXFrameworksBuildPhase;
			buildActionMask = 2147483647;
			files = (
				171514AD1C737F6400547156 /* Social.framework in Frameworks */,
				0CBFDBAC585694945F9CAE85 /* libPods-musicdb.a in Frameworks */,
			);
			runOnlyForDeploymentPostprocessing = 0;
		};
/* End PBXFrameworksBuildPhase section */

/* Begin PBXGroup section */
		174765041C5E055E0048C38E /* Lib */ = {
			isa = PBXGroup;
			children = (
				179237EA23F80E2000DCCE94 /* Marquee.swift */,
			);
			name = Lib;
			sourceTree = "<group>";
		};
		176E232E1C5CAA3A007AC209 /* Parts */ = {
			isa = PBXGroup;
			children = (
				176E232F1C5CABBB007AC209 /* CustomCellTableViewCell.swift */,
				176E23301C5CABBB007AC209 /* CustomCellTableViewCell.xib */,
				176E23331C5CB5C7007AC209 /* CellDelegate.swift */,
			);
			name = Parts;
			sourceTree = "<group>";
		};
		176E23351C5CB6D9007AC209 /* Contants */ = {
			isa = PBXGroup;
			children = (
				176E23361C5CB6F9007AC209 /* EnumPageType.swift */,
			);
			name = Contants;
			sourceTree = "<group>";
		};
		1779FEFA1C5C784000F00317 = {
			isa = PBXGroup;
			children = (
				1779FF051C5C784000F00317 /* musicdb */,
				1779FF041C5C784000F00317 /* Products */,
				5BEBCA6EA669F87C35C5508C /* Frameworks */,
				2D0ED8EC07F00407CDA596B2 /* Pods */,
			);
			sourceTree = "<group>";
		};
		1779FF041C5C784000F00317 /* Products */ = {
			isa = PBXGroup;
			children = (
				1779FF031C5C784000F00317 /* musicdb.app */,
			);
			name = Products;
			sourceTree = "<group>";
		};
		1779FF051C5C784000F00317 /* musicdb */ = {
			isa = PBXGroup;
			children = (
				174765041C5E055E0048C38E /* Lib */,
				176E23351C5CB6D9007AC209 /* Contants */,
				176E232E1C5CAA3A007AC209 /* Parts */,
				1779FF1E1C5C796600F00317 /* Storyboard */,
				1779FF1D1C5C795A00F00317 /* Manager */,
				1779FF1C1C5C795100F00317 /* Model */,
				1779FF1B1C5C793D00F00317 /* ViewController */,
				1779FF061C5C784000F00317 /* AppDelegate.swift */,
				1779FF101C5C784000F00317 /* Assets.xcassets */,
				1779FF121C5C784000F00317 /* LaunchScreen.storyboard */,
				1779FF151C5C784000F00317 /* Info.plist */,
				1779FF0D1C5C784000F00317 /* musicdb.xcdatamodeld */,
			);
			path = musicdb;
			sourceTree = "<group>";
		};
		1779FF1B1C5C793D00F00317 /* ViewController */ = {
			isa = PBXGroup;
			children = (
				174A2C7F1C7087CF0035800B /* Main2ViewController.swift */,
				1779FF081C5C784000F00317 /* MainViewController.swift */,
				174019781C5C959500ED8689 /* ApplicationViewController.swift */,
			);
			name = ViewController;
			sourceTree = "<group>";
		};
		1779FF1C1C5C795100F00317 /* Model */ = {
			isa = PBXGroup;
			children = (
				1779FF1F1C5C82CC00F00317 /* User.swift */,
				176E233A1C5CC06D007AC209 /* SearchBy.swift */,
				177E2A5D1C5CFE260070C9EB /* MusicDTO.swift */,
				177E2A5F1C5D0F1B0070C9EB /* MyPlayer.swift */,
				17F66C541C5DC28F006CB017 /* MyPlayerDelegate.swift */,
				176E23381C5CC035007AC209 /* Genres.swift */,
			);
			name = Model;
			sourceTree = "<group>";
		};
		1779FF1D1C5C795A00F00317 /* Manager */ = {
			isa = PBXGroup;
			children = (
				176E233E1C5CC1BD007AC209 /* Api.swift */,
			);
			name = Manager;
			sourceTree = "<group>";
		};
		1779FF1E1C5C796600F00317 /* Storyboard */ = {
			isa = PBXGroup;
			children = (
				1779FF0A1C5C784000F00317 /* Main.storyboard */,
				174019761C5C956200ED8689 /* Application.storyboard */,
			);
			name = Storyboard;
			sourceTree = "<group>";
		};
		2D0ED8EC07F00407CDA596B2 /* Pods */ = {
			isa = PBXGroup;
			children = (
				944A95E2294196179C128C9E /* Pods-musicdb.debug.xcconfig */,
				55062E3363117E0803CD7D9D /* Pods-musicdb.release.xcconfig */,
			);
			name = Pods;
			sourceTree = "<group>";
		};
		5BEBCA6EA669F87C35C5508C /* Frameworks */ = {
			isa = PBXGroup;
			children = (
				175BE99821E7491C009F9CE2 /* libSwiftyJSON.a */,
				175BE99621E74918009F9CE2 /* libSVProgressHUD.a */,
				175BE99421E74914009F9CE2 /* libMarqueeLabel.a */,
				171514AC1C737F6400547156 /* Social.framework */,
				1E82961ECD50B86EF6DCF89F /* libPods-musicdb.a */,
			);
			name = Frameworks;
			sourceTree = "<group>";
		};
/* End PBXGroup section */

/* Begin PBXNativeTarget section */
		1779FF021C5C784000F00317 /* musicdb */ = {
			isa = PBXNativeTarget;
			buildConfigurationList = 1779FF181C5C784000F00317 /* Build configuration list for PBXNativeTarget "musicdb" */;
			buildPhases = (
				E241E5E90BDF5FC4E2A249F7 /* [CP] Check Pods Manifest.lock */,
				1779FEFF1C5C784000F00317 /* Sources */,
				1779FF001C5C784000F00317 /* Frameworks */,
				1779FF011C5C784000F00317 /* Resources */,
			);
			buildRules = (
			);
			dependencies = (
			);
			name = musicdb;
			productName = musicdb;
			productReference = 1779FF031C5C784000F00317 /* musicdb.app */;
			productType = "com.apple.product-type.application";
		};
/* End PBXNativeTarget section */

/* Begin PBXProject section */
		1779FEFB1C5C784000F00317 /* Project object */ = {
			isa = PBXProject;
			attributes = {
				LastSwiftUpdateCheck = 0720;
				LastUpgradeCheck = 1020;
				ORGANIZATIONNAME = norainu;
				TargetAttributes = {
					1779FF021C5C784000F00317 = {
						CreatedOnToolsVersion = 7.2;
						LastSwiftMigration = 0830;
						SystemCapabilities = {
							com.apple.BackgroundModes = {
								enabled = 1;
							};
						};
					};
				};
			};
			buildConfigurationList = 1779FEFE1C5C784000F00317 /* Build configuration list for PBXProject "musicdb" */;
			compatibilityVersion = "Xcode 9.3";
			developmentRegion = English;
			hasScannedForEncodings = 0;
			knownRegions = (
				English,
				en,
				Base,
			);
			mainGroup = 1779FEFA1C5C784000F00317;
			productRefGroup = 1779FF041C5C784000F00317 /* Products */;
			projectDirPath = "";
			projectRoot = "";
			targets = (
				1779FF021C5C784000F00317 /* musicdb */,
			);
		};
/* End PBXProject section */

/* Begin PBXResourcesBuildPhase section */
		1779FF011C5C784000F00317 /* Resources */ = {
			isa = PBXResourcesBuildPhase;
			buildActionMask = 2147483647;
			files = (
				174019771C5C956200ED8689 /* Application.storyboard in Resources */,
				1779FF141C5C784000F00317 /* LaunchScreen.storyboard in Resources */,
				176E23321C5CABBB007AC209 /* CustomCellTableViewCell.xib in Resources */,
				1779FF111C5C784000F00317 /* Assets.xcassets in Resources */,
				1779FF0C1C5C784000F00317 /* Main.storyboard in Resources */,
			);
			runOnlyForDeploymentPostprocessing = 0;
		};
/* End PBXResourcesBuildPhase section */

/* Begin PBXShellScriptBuildPhase section */
		E241E5E90BDF5FC4E2A249F7 /* [CP] Check Pods Manifest.lock */ = {
			isa = PBXShellScriptBuildPhase;
			buildActionMask = 2147483647;
			files = (
			);
			inputPaths = (
				"${PODS_PODFILE_DIR_PATH}/Podfile.lock",
				"${PODS_ROOT}/Manifest.lock",
			);
			name = "[CP] Check Pods Manifest.lock";
			outputPaths = (
				"$(DERIVED_FILE_DIR)/Pods-musicdb-checkManifestLockResult.txt",
			);
			runOnlyForDeploymentPostprocessing = 0;
			shellPath = /bin/sh;
			shellScript = "diff \"${PODS_PODFILE_DIR_PATH}/Podfile.lock\" \"${PODS_ROOT}/Manifest.lock\" > /dev/null\nif [ $? != 0 ] ; then\n    # print error to STDERR\n    echo \"error: The sandbox is not in sync with the Podfile.lock. Run 'pod install' or update your CocoaPods installation.\" >&2\n    exit 1\nfi\n# This output is used by Xcode 'outputs' to avoid re-running this script phase.\necho \"SUCCESS\" > \"${SCRIPT_OUTPUT_FILE_0}\"\n";
			showEnvVarsInLog = 0;
		};
/* End PBXShellScriptBuildPhase section */

/* Begin PBXSourcesBuildPhase section */
		1779FEFF1C5C784000F00317 /* Sources */ = {
			isa = PBXSourcesBuildPhase;
			buildActionMask = 2147483647;
			files = (
				174A2C801C70882D0035800B /* Main2ViewController.swift in Sources */,
				176E23391C5CC035007AC209 /* Genres.swift in Sources */,
				176E23341C5CB5C7007AC209 /* CellDelegate.swift in Sources */,
				1779FF201C5C82CC00F00317 /* User.swift in Sources */,
				17F66C551C5DC28F006CB017 /* MyPlayerDelegate.swift in Sources */,
				174019791C5C959500ED8689 /* ApplicationViewController.swift in Sources */,
				177E2A601C5D0F1B0070C9EB /* MyPlayer.swift in Sources */,
				177E2A5E1C5CFE260070C9EB /* MusicDTO.swift in Sources */,
				179237EB23F80E2000DCCE94 /* Marquee.swift in Sources */,
				1779FF091C5C784000F00317 /* MainViewController.swift in Sources */,
				176E233F1C5CC1BD007AC209 /* Api.swift in Sources */,
				1779FF071C5C784000F00317 /* AppDelegate.swift in Sources */,
				176E23311C5CABBB007AC209 /* CustomCellTableViewCell.swift in Sources */,
				176E23371C5CB6F9007AC209 /* EnumPageType.swift in Sources */,
				176E233B1C5CC06D007AC209 /* SearchBy.swift in Sources */,
				1779FF0F1C5C784000F00317 /* musicdb.xcdatamodeld in Sources */,
			);
			runOnlyForDeploymentPostprocessing = 0;
		};
/* End PBXSourcesBuildPhase section */

/* Begin PBXVariantGroup section */
		1779FF0A1C5C784000F00317 /* Main.storyboard */ = {
			isa = PBXVariantGroup;
			children = (
				1779FF0B1C5C784000F00317 /* Base */,
			);
			name = Main.storyboard;
			sourceTree = "<group>";
		};
		1779FF121C5C784000F00317 /* LaunchScreen.storyboard */ = {
			isa = PBXVariantGroup;
			children = (
				1779FF131C5C784000F00317 /* Base */,
			);
			name = LaunchScreen.storyboard;
			sourceTree = "<group>";
		};
/* End PBXVariantGroup section */

/* Begin XCBuildConfiguration section */
		1779FF161C5C784000F00317 /* Debug */ = {
			isa = XCBuildConfiguration;
			buildSettings = {
				ALWAYS_SEARCH_USER_PATHS = NO;
				CLANG_ANALYZER_LOCALIZABILITY_NONLOCALIZED = YES;
				CLANG_CXX_LANGUAGE_STANDARD = "gnu++0x";
				CLANG_CXX_LIBRARY = "libc++";
				CLANG_ENABLE_MODULES = YES;
				CLANG_ENABLE_OBJC_ARC = YES;
				CLANG_WARN_BLOCK_CAPTURE_AUTORELEASING = YES;
				CLANG_WARN_BOOL_CONVERSION = YES;
				CLANG_WARN_COMMA = YES;
				CLANG_WARN_CONSTANT_CONVERSION = YES;
				CLANG_WARN_DEPRECATED_OBJC_IMPLEMENTATIONS = YES;
				CLANG_WARN_DIRECT_OBJC_ISA_USAGE = YES_ERROR;
				CLANG_WARN_EMPTY_BODY = YES;
				CLANG_WARN_ENUM_CONVERSION = YES;
				CLANG_WARN_INFINITE_RECURSION = YES;
				CLANG_WARN_INT_CONVERSION = YES;
				CLANG_WARN_NON_LITERAL_NULL_CONVERSION = YES;
				CLANG_WARN_OBJC_IMPLICIT_RETAIN_SELF = YES;
				CLANG_WARN_OBJC_LITERAL_CONVERSION = YES;
				CLANG_WARN_OBJC_ROOT_CLASS = YES_ERROR;
				CLANG_WARN_RANGE_LOOP_ANALYSIS = YES;
				CLANG_WARN_STRICT_PROTOTYPES = YES;
				CLANG_WARN_SUSPICIOUS_MOVE = YES;
				CLANG_WARN_UNREACHABLE_CODE = YES;
				CLANG_WARN__DUPLICATE_METHOD_MATCH = YES;
				"CODE_SIGN_IDENTITY[sdk=iphoneos*]" = "iPhone Developer";
				COPY_PHASE_STRIP = NO;
				DEBUG_INFORMATION_FORMAT = "dwarf-with-dsym";
				ENABLE_STRICT_OBJC_MSGSEND = YES;
				ENABLE_TESTABILITY = YES;
				GCC_C_LANGUAGE_STANDARD = gnu99;
				GCC_DYNAMIC_NO_PIC = NO;
				GCC_NO_COMMON_BLOCKS = YES;
				GCC_OPTIMIZATION_LEVEL = fast;
				GCC_PREPROCESSOR_DEFINITIONS = (
					"DEBUG=1",
					"$(inherited)",
				);
				GCC_WARN_64_TO_32_BIT_CONVERSION = YES;
				GCC_WARN_ABOUT_RETURN_TYPE = YES_ERROR;
				GCC_WARN_UNDECLARED_SELECTOR = YES;
				GCC_WARN_UNINITIALIZED_AUTOS = YES_AGGRESSIVE;
				GCC_WARN_UNUSED_FUNCTION = YES;
				GCC_WARN_UNUSED_VARIABLE = YES;
				IPHONEOS_DEPLOYMENT_TARGET = 9.2;
				MTL_ENABLE_DEBUG_INFO = YES;
				ONLY_ACTIVE_ARCH = YES;
				SDKROOT = iphoneos;
				SWIFT_OPTIMIZATION_LEVEL = "-Onone";
				SWIFT_VERSION = 4.0;
			};
			name = Debug;
		};
		1779FF171C5C784000F00317 /* Release */ = {
			isa = XCBuildConfiguration;
			buildSettings = {
				ALWAYS_SEARCH_USER_PATHS = NO;
				CLANG_ANALYZER_LOCALIZABILITY_NONLOCALIZED = YES;
				CLANG_CXX_LANGUAGE_STANDARD = "gnu++0x";
				CLANG_CXX_LIBRARY = "libc++";
				CLANG_ENABLE_MODULES = YES;
				CLANG_ENABLE_OBJC_ARC = YES;
				CLANG_WARN_BLOCK_CAPTURE_AUTORELEASING = YES;
				CLANG_WARN_BOOL_CONVERSION = YES;
				CLANG_WARN_COMMA = YES;
				CLANG_WARN_CONSTANT_CONVERSION = YES;
				CLANG_WARN_DEPRECATED_OBJC_IMPLEMENTATIONS = YES;
				CLANG_WARN_DIRECT_OBJC_ISA_USAGE = YES_ERROR;
				CLANG_WARN_EMPTY_BODY = YES;
				CLANG_WARN_ENUM_CONVERSION = YES;
				CLANG_WARN_INFINITE_RECURSION = YES;
				CLANG_WARN_INT_CONVERSION = YES;
				CLANG_WARN_NON_LITERAL_NULL_CONVERSION = YES;
				CLANG_WARN_OBJC_IMPLICIT_RETAIN_SELF = YES;
				CLANG_WARN_OBJC_LITERAL_CONVERSION = YES;
				CLANG_WARN_OBJC_ROOT_CLASS = YES_ERROR;
				CLANG_WARN_RANGE_LOOP_ANALYSIS = YES;
				CLANG_WARN_STRICT_PROTOTYPES = YES;
				CLANG_WARN_SUSPICIOUS_MOVE = YES;
				CLANG_WARN_UNREACHABLE_CODE = YES;
				CLANG_WARN__DUPLICATE_METHOD_MATCH = YES;
				"CODE_SIGN_IDENTITY[sdk=iphoneos*]" = "iPhone Developer";
				COPY_PHASE_STRIP = NO;
				DEBUG_INFORMATION_FORMAT = "dwarf-with-dsym";
				ENABLE_NS_ASSERTIONS = NO;
				ENABLE_STRICT_OBJC_MSGSEND = YES;
				GCC_C_LANGUAGE_STANDARD = gnu99;
				GCC_NO_COMMON_BLOCKS = YES;
				GCC_WARN_64_TO_32_BIT_CONVERSION = YES;
				GCC_WARN_ABOUT_RETURN_TYPE = YES_ERROR;
				GCC_WARN_UNDECLARED_SELECTOR = YES;
				GCC_WARN_UNINITIALIZED_AUTOS = YES_AGGRESSIVE;
				GCC_WARN_UNUSED_FUNCTION = YES;
				GCC_WARN_UNUSED_VARIABLE = YES;
				IPHONEOS_DEPLOYMENT_TARGET = 9.2;
				MTL_ENABLE_DEBUG_INFO = NO;
				ONLY_ACTIVE_ARCH = YES;
				SDKROOT = iphoneos;
				SWIFT_COMPILATION_MODE = wholemodule;
				SWIFT_VERSION = 4.0;
				VALIDATE_PRODUCT = NO;
			};
			name = Release;
		};
		1779FF191C5C784000F00317 /* Debug */ = {
			isa = XCBuildConfiguration;
			baseConfigurationReference = 944A95E2294196179C128C9E /* Pods-musicdb.debug.xcconfig */;
			buildSettings = {
				ASSETCATALOG_COMPILER_APPICON_NAME = AppIcon;
				CODE_SIGN_IDENTITY = "Apple Development";
				"CODE_SIGN_IDENTITY[sdk=iphoneos*]" = "iPhone Developer";
				CODE_SIGN_STYLE = Automatic;
				DEVELOPMENT_TEAM = N8KFLUW49V;
				INFOPLIST_FILE = musicdb/Info.plist;
				IPHONEOS_DEPLOYMENT_TARGET = 9.0;
				LD_RUNPATH_SEARCH_PATHS = (
					"$(inherited)",
					"@executable_path/Frameworks",
				);
				PRODUCT_BUNDLE_IDENTIFIER = norainu.musicdb;
				PRODUCT_NAME = "$(TARGET_NAME)";
				PROVISIONING_PROFILE_SPECIFIER = "";
				SWIFT_VERSION = 4.0;
			};
			name = Debug;
		};
		1779FF1A1C5C784000F00317 /* Release */ = {
			isa = XCBuildConfiguration;
			baseConfigurationReference = 55062E3363117E0803CD7D9D /* Pods-musicdb.release.xcconfig */;
			buildSettings = {
				ASSETCATALOG_COMPILER_APPICON_NAME = AppIcon;
				CODE_SIGN_IDENTITY = "Apple Development";
				"CODE_SIGN_IDENTITY[sdk=iphoneos*]" = "iPhone Developer";
				CODE_SIGN_STYLE = Automatic;
				DEVELOPMENT_TEAM = N8KFLUW49V;
				INFOPLIST_FILE = musicdb/Info.plist;
				IPHONEOS_DEPLOYMENT_TARGET = 9.0;
				LD_RUNPATH_SEARCH_PATHS = (
					"$(inherited)",
					"@executable_path/Frameworks",
				);
				PRODUCT_BUNDLE_IDENTIFIER = norainu.musicdb;
				PRODUCT_NAME = "$(TARGET_NAME)";
				PROVISIONING_PROFILE_SPECIFIER = "";
				SWIFT_VERSION = 4.0;
			};
			name = Release;
		};
/* End XCBuildConfiguration section */

/* Begin XCConfigurationList section */
		1779FEFE1C5C784000F00317 /* Build configuration list for PBXProject "musicdb" */ = {
			isa = XCConfigurationList;
			buildConfigurations = (
				1779FF161C5C784000F00317 /* Debug */,
				1779FF171C5C784000F00317 /* Release */,
			);
			defaultConfigurationIsVisible = 0;
			defaultConfigurationName = Release;
		};
		1779FF181C5C784000F00317 /* Build configuration list for PBXNativeTarget "musicdb" */ = {
			isa = XCConfigurationList;
			buildConfigurations = (
				1779FF191C5C784000F00317 /* Debug */,
				1779FF1A1C5C784000F00317 /* Release */,
			);
			defaultConfigurationIsVisible = 0;
			defaultConfigurationName = Release;
		};
/* End XCConfigurationList section */

/* Begin XCVersionGroup section */
		1779FF0D1C5C784000F00317 /* musicdb.xcdatamodeld */ = {
			isa = XCVersionGroup;
			children = (
				1779FF0E1C5C784000F00317 /* musicdb.xcdatamodel */,
			);
			currentVersion = 1779FF0E1C5C784000F00317 /* musicdb.xcdatamodel */;
			path = musicdb.xcdatamodeld;
			sourceTree = "<group>";
			versionGroupType = wrapper.xcdatamodel;
		};
/* End XCVersionGroup section */
	};
	rootObject = 1779FEFB1C5C784000F00317 /* Project object */;
}
